
Microsoft Visual Studio Solution File, Format Version 12.00
# Visual Studio Version 17
VisualStudioVersion = 17.14.36414.22
MinimumVisualStudioVersion = 10.0.40219.1
Project("{FAE04EC0-301F-11D3-BF4B-00C04F79EFBC}") = "App", "App\App.csproj", "{9D3ACF01-388A-4365-8BEE-CDD6E669F9A4}"
EndProject
Project("{FAE04EC0-301F-11D3-BF4B-00C04F79EFBC}") = "UnicodeToImage", "UnicodeToImage\UnicodeToImage.csproj", "{42CB91EA-CA06-4289-8079-46AF576FA61F}"
EndProject
Project("{FAE04EC0-301F-11D3-BF4B-00C04F79EFBC}") = "UnicodeThickness", "UnicodeThickness\UnicodeThickness.csproj", "{32CAEB27-BA1C-4160-ADD4-7AA7595ECCB2}"
EndProject
Global
	GlobalSection(SolutionConfigurationPlatforms) = preSolution
		Debug|Any CPU = Debug|Any CPU
		Release|Any CPU = Release|Any CPU
	EndGlobalSection
	GlobalSection(ProjectConfigurationPlatforms) = postSolution
		{9D3ACF01-388A-4365-8BEE-CDD6E669F9A4}.Debug|Any CPU.ActiveCfg = Debug|Any CPU
		{9D3ACF01-388A-4365-8BEE-CDD6E669F9A4}.Debug|Any CPU.Build.0 = Debug|Any CPU
		{9D3ACF01-388A-4365-8BEE-CDD6E669F9A4}.Release|Any CPU.ActiveCfg = Release|Any CPU
		{9D3ACF01-388A-4365-8BEE-CDD6E669F9A4}.Release|Any CPU.Build.0 = Release|Any CPU
		{42CB91EA-CA06-4289-8079-46AF576FA61F}.Debug|Any CPU.ActiveCfg = Debug|Any CPU
		{42CB91EA-CA06-4289-8079-46AF576FA61F}.Debug|Any CPU.Build.0 = Debug|Any CPU
		{42CB91EA-CA06-4289-8079-46AF576FA61F}.Release|Any CPU.ActiveCfg = Release|Any CPU
		{42CB91EA-CA06-4289-8079-46AF576FA61F}.Release|Any CPU.Build.0 = Release|Any CPU
		{32CAEB27-BA1C-4160-ADD4-7AA7595ECCB2}.Debug|Any CPU.ActiveCfg = Debug|Any CPU
		{32CAEB27-BA1C-4160-ADD4-7AA7595ECCB2}.Debug|Any CPU.Build.0 = Debug|Any CPU
		{32CAEB27-BA1C-4160-ADD4-7AA7595ECCB2}.Release|Any CPU.ActiveCfg = Release|Any CPU
		{32CAEB27-BA1C-4160-ADD4-7AA7595ECCB2}.Release|Any CPU.Build.0 = Release|Any CPU
	EndGlobalSection
	GlobalSection(SolutionProperties) = preSolution
		HideSolutionNode = FALSE
	EndGlobalSection
	GlobalSection(ExtensibilityGlobals) = postSolution
		SolutionGuid = {0B93CE15-ED78-4897-9CE7-DD8546525AFE}
	EndGlobalSection
EndGlobal
